
Microsoft Visual Studio Solution File, Format Version 12.00
# Visual Studio 15
VisualStudioVersion = 15.0.27130.2036
MinimumVisualStudioVersion = 10.0.40219.1
Project("{FAE04EC0-301F-11D3-BF4B-00C04F79EFBC}") = "FanapPlus.Ghasedak.Client", "FanapPlus.Ghasedak.Client\FanapPlus.Ghasedak.Client.csproj", "{DADBFE26-093C-4FB3-AE73-DDED5BB11BBE}"
EndProject
Global
	GlobalSection(SolutionConfigurationPlatforms) = preSolution
		Debug|Any CPU = Debug|Any CPU
		Release|Any CPU = Release|Any CPU
	EndGlobalSection
	GlobalSection(ProjectConfigurationPlatforms) = postSolution
		{DADBFE26-093C-4FB3-AE73-DDED5BB11BBE}.Debug|Any CPU.ActiveCfg = Debug|Any CPU
		{DADBFE26-093C-4FB3-AE73-DDED5BB11BBE}.Debug|Any CPU.Build.0 = Debug|Any CPU
		{DADBFE26-093C-4FB3-AE73-DDED5BB11BBE}.Release|Any CPU.ActiveCfg = Release|Any CPU
		{DADBFE26-093C-4FB3-AE73-DDED5BB11BBE}.Release|Any CPU.Build.0 = Release|Any CPU
	EndGlobalSection
	GlobalSection(SolutionProperties) = preSolution
		HideSolutionNode = FALSE
	EndGlobalSection
	GlobalSection(ExtensibilityGlobals) = postSolution
		SolutionGuid = {2656A5DF-78C4-487F-8C5A-262A9E4268F8}
	EndGlobalSection
EndGlobal
